
Microsoft Visual Studio Solution File, Format Version 12.00
# Visual Studio Version 16
VisualStudioVersion = 16.0.29728.190
MinimumVisualStudioVersion = 10.0.40219.1
Project("{FAE04EC0-301F-11D3-BF4B-00C04F79EFBC}") = "NXLauncher_console", "NXLauncher_console\NXLauncher_console.csproj", "{C911315B-3823-4871-8448-9FA3BD0FBD75}"
EndProject
Global
	GlobalSection(SolutionConfigurationPlatforms) = preSolution
		Debug|Any CPU = Debug|Any CPU
		Release|Any CPU = Release|Any CPU
	EndGlobalSection
	GlobalSection(ProjectConfigurationPlatforms) = postSolution
		{C911315B-3823-4871-8448-9FA3BD0FBD75}.Debug|Any CPU.ActiveCfg = Debug|Any CPU
		{C911315B-3823-4871-8448-9FA3BD0FBD75}.Debug|Any CPU.Build.0 = Debug|Any CPU
		{C911315B-3823-4871-8448-9FA3BD0FBD75}.Release|Any CPU.ActiveCfg = Release|Any CPU
		{C911315B-3823-4871-8448-9FA3BD0FBD75}.Release|Any CPU.Build.0 = Release|Any CPU
	EndGlobalSection
	GlobalSection(SolutionProperties) = preSolution
		HideSolutionNode = FALSE
	EndGlobalSection
	GlobalSection(ExtensibilityGlobals) = postSolution
		SolutionGuid = {FB487FC3-4D13-4638-9970-25AC3D4B9583}
	EndGlobalSection
EndGlobal
